
Microsoft Visual Studio Solution File, Format Version 12.00
# Visual Studio Version 16
VisualStudioVersion = 16.0.31424.327
MinimumVisualStudioVersion = 10.0.40219.1
Project("{FAE04EC0-301F-11D3-BF4B-00C04F79EFBC}") = "SHOPMOBILE PL", "SHOPMOBILE PL\SHOPMOBILE PL.csproj", "{FD4F075A-AD06-4A75-A9DA-E370381ABBC8}"
EndProject
Global
	GlobalSection(SolutionConfigurationPlatforms) = preSolution
		Debug|Any CPU = Debug|Any CPU
		Release|Any CPU = Release|Any CPU
	EndGlobalSection
	GlobalSection(ProjectConfigurationPlatforms) = postSolution
		{FD4F075A-AD06-4A75-A9DA-E370381ABBC8}.Debug|Any CPU.ActiveCfg = Debug|Any CPU
		{FD4F075A-AD06-4A75-A9DA-E370381ABBC8}.Debug|Any CPU.Build.0 = Debug|Any CPU
		{FD4F075A-AD06-4A75-A9DA-E370381ABBC8}.Release|Any CPU.ActiveCfg = Release|Any CPU
		{FD4F075A-AD06-4A75-A9DA-E370381ABBC8}.Release|Any CPU.Build.0 = Release|Any CPU
	EndGlobalSection
	GlobalSection(SolutionProperties) = preSolution
		HideSolutionNode = FALSE
	EndGlobalSection
	GlobalSection(ExtensibilityGlobals) = postSolution
		SolutionGuid = {04B99C14-CD39-46D4-99BF-6A23F3D6FF35}
	EndGlobalSection
EndGlobal
